// !$*UTF8*$!
{
	archiveVersion = 1;
	classes = {
	};
	objectVersion = 56;
	objects = {

/* Begin PBXBuildFile section */
		1A3066552BA083CE00B27EA5 /* AppDelegate.swift in Sources */ = {isa = PBXBuildFile; fileRef = 1A3066542BA083CE00B27EA5 /* AppDelegate.swift */; };
		1A3066572BA083CE00B27EA5 /* SceneDelegate.swift in Sources */ = {isa = PBXBuildFile; fileRef = 1A3066562BA083CE00B27EA5 /* SceneDelegate.swift */; };
		1A3066592BA083CE00B27EA5 /* ViewController.swift in Sources */ = {isa = PBXBuildFile; fileRef = 1A3066582BA083CE00B27EA5 /* ViewController.swift */; };
		1A30665C2BA083CE00B27EA5 /* Main.storyboard in Resources */ = {isa = PBXBuildFile; fileRef = 1A30665A2BA083CE00B27EA5 /* Main.storyboard */; };
		1A30665E2BA083CF00B27EA5 /* Assets.xcassets in Resources */ = {isa = PBXBuildFile; fileRef = 1A30665D2BA083CF00B27EA5 /* Assets.xcassets */; };
		1A3066612BA083CF00B27EA5 /* LaunchScreen.storyboard in Resources */ = {isa = PBXBuildFile; fileRef = 1A30665F2BA083CF00B27EA5 /* LaunchScreen.storyboard */; };
		1A30666A2BA0840500B27EA5 /* SpringAnimation in Frameworks */ = {isa = PBXBuildFile; productRef = 1A3066692BA0840500B27EA5 /* SpringAnimation */; };
		1A3066732BA090A600B27EA5 /* TitlesStore.swift in Sources */ = {isa = PBXBuildFile; fileRef = 1A3066722BA090A600B27EA5 /* TitlesStore.swift */; };
		1A3066752BA090B400B27EA5 /* CurvesStore.swift in Sources */ = {isa = PBXBuildFile; fileRef = 1A3066742BA090B400B27EA5 /* CurvesStore.swift */; };
		1A3066772BA0931D00B27EA5 /* Animation.swift in Sources */ = {isa = PBXBuildFile; fileRef = 1A3066762BA0931D00B27EA5 /* Animation.swift */; };
/* End PBXBuildFile section */

/* Begin PBXFileReference section */
		1A3066512BA083CE00B27EA5 /* SpringAnimations.app */ = {isa = PBXFileReference; explicitFileType = wrapper.application; includeInIndex = 0; path = SpringAnimations.app; sourceTree = BUILT_PRODUCTS_DIR; };
		1A3066542BA083CE00B27EA5 /* AppDelegate.swift */ = {isa = PBXFileReference; lastKnownFileType = sourcecode.swift; path = AppDelegate.swift; sourceTree = "<group>"; };
		1A3066562BA083CE00B27EA5 /* SceneDelegate.swift */ = {isa = PBXFileReference; lastKnownFileType = sourcecode.swift; path = SceneDelegate.swift; sourceTree = "<group>"; };
		1A3066582BA083CE00B27EA5 /* ViewController.swift */ = {isa = PBXFileReference; lastKnownFileType = sourcecode.swift; path = ViewController.swift; sourceTree = "<group>"; };
		1A30665B2BA083CE00B27EA5 /* Base */ = {isa = PBXFileReference; lastKnownFileType = file.storyboard; name = Base; path = Base.lproj/Main.storyboard; sourceTree = "<group>"; };
		1A30665D2BA083CF00B27EA5 /* Assets.xcassets */ = {isa = PBXFileReference; lastKnownFileType = folder.assetcatalog; path = Assets.xcassets; sourceTree = "<group>"; };
		1A3066602BA083CF00B27EA5 /* Base */ = {isa = PBXFileReference; lastKnownFileType = file.storyboard; name = Base; path = Base.lproj/LaunchScreen.storyboard; sourceTree = "<group>"; };
		1A3066622BA083CF00B27EA5 /* Info.plist */ = {isa = PBXFileReference; lastKnownFileType = text.plist.xml; path = Info.plist; sourceTree = "<group>"; };
		1A3066722BA090A600B27EA5 /* TitlesStore.swift */ = {isa = PBXFileReference; lastKnownFileType = sourcecode.swift; path = TitlesStore.swift; sourceTree = "<group>"; };
		1A3066742BA090B400B27EA5 /* CurvesStore.swift */ = {isa = PBXFileReference; lastKnownFileType = sourcecode.swift; path = CurvesStore.swift; sourceTree = "<group>"; };
		1A3066762BA0931D00B27EA5 /* Animation.swift */ = {isa = PBXFileReference; lastKnownFileType = sourcecode.swift; path = Animation.swift; sourceTree = "<group>"; };
/* End PBXFileReference section */

/* Begin PBXFrameworksBuildPhase section */
		1A30664E2BA083CE00B27EA5 /* Frameworks */ = {
			isa = PBXFrameworksBuildPhase;
			buildActionMask = 2147483647;
			files = (
				1A30666A2BA0840500B27EA5 /* SpringAnimation in Frameworks */,
			);
			runOnlyForDeploymentPostprocessing = 0;
		};
/* End PBXFrameworksBuildPhase section */

/* Begin PBXGroup section */
		1A3066482BA083CE00B27EA5 = {
			isa = PBXGroup;
			children = (
				1A3066532BA083CE00B27EA5 /* SpringAnimations */,
				1A3066522BA083CE00B27EA5 /* Products */,
			);
			sourceTree = "<group>";
		};
		1A3066522BA083CE00B27EA5 /* Products */ = {
			isa = PBXGroup;
			children = (
				1A3066512BA083CE00B27EA5 /* SpringAnimations.app */,
			);
			name = Products;
			sourceTree = "<group>";
		};
		1A3066532BA083CE00B27EA5 /* SpringAnimations */ = {
			isa = PBXGroup;
			children = (
				1A30666F2BA0865B00B27EA5 /* Services */,
				1A30666E2BA0864B00B27EA5 /* Models */,
				1A30666C2BA0859C00B27EA5 /* App */,
				1A30666D2BA085A400B27EA5 /* ViewControllers */,
				1A30666B2BA0856F00B27EA5 /* Storyboards */,
				1A30665D2BA083CF00B27EA5 /* Assets.xcassets */,
			);
			path = SpringAnimations;
			sourceTree = "<group>";
		};
		1A30666B2BA0856F00B27EA5 /* Storyboards */ = {
			isa = PBXGroup;
			children = (
				1A30665A2BA083CE00B27EA5 /* Main.storyboard */,
				1A30665F2BA083CF00B27EA5 /* LaunchScreen.storyboard */,
			);
			path = Storyboards;
			sourceTree = "<group>";
		};
		1A30666C2BA0859C00B27EA5 /* App */ = {
			isa = PBXGroup;
			children = (
				1A3066542BA083CE00B27EA5 /* AppDelegate.swift */,
				1A3066562BA083CE00B27EA5 /* SceneDelegate.swift */,
				1A3066622BA083CF00B27EA5 /* Info.plist */,
			);
			path = App;
			sourceTree = "<group>";
		};
		1A30666D2BA085A400B27EA5 /* ViewControllers */ = {
			isa = PBXGroup;
			children = (
				1A3066582BA083CE00B27EA5 /* ViewController.swift */,
			);
			path = ViewControllers;
			sourceTree = "<group>";
		};
		1A30666E2BA0864B00B27EA5 /* Models */ = {
			isa = PBXGroup;
			children = (
				1A3066762BA0931D00B27EA5 /* Animation.swift */,
			);
			path = Models;
			sourceTree = "<group>";
		};
		1A30666F2BA0865B00B27EA5 /* Services */ = {
			isa = PBXGroup;
			children = (
				1A3066722BA090A600B27EA5 /* TitlesStore.swift */,
				1A3066742BA090B400B27EA5 /* CurvesStore.swift */,
			);
			path = Services;
			sourceTree = "<group>";
		};
/* End PBXGroup section */

/* Begin PBXNativeTarget section */
		1A3066502BA083CE00B27EA5 /* SpringAnimations */ = {
			isa = PBXNativeTarget;
			buildConfigurationList = 1A3066652BA083CF00B27EA5 /* Build configuration list for PBXNativeTarget "SpringAnimations" */;
			buildPhases = (
				1A30664D2BA083CE00B27EA5 /* Sources */,
				1A30664E2BA083CE00B27EA5 /* Frameworks */,
				1A30664F2BA083CE00B27EA5 /* Resources */,
			);
			buildRules = (
			);
			dependencies = (
			);
			name = SpringAnimations;
			packageProductDependencies = (
				1A3066692BA0840500B27EA5 /* SpringAnimation */,
			);
			productName = SpringAnimations;
			productReference = 1A3066512BA083CE00B27EA5 /* SpringAnimations.app */;
			productType = "com.apple.product-type.application";
		};
/* End PBXNativeTarget section */

/* Begin PBXProject section */
		1A3066492BA083CE00B27EA5 /* Project object */ = {
			isa = PBXProject;
			attributes = {
				BuildIndependentTargetsInParallel = 1;
				LastSwiftUpdateCheck = 1500;
				LastUpgradeCheck = 1500;
				TargetAttributes = {
					1A3066502BA083CE00B27EA5 = {
						CreatedOnToolsVersion = 15.0.1;
					};
				};
			};
			buildConfigurationList = 1A30664C2BA083CE00B27EA5 /* Build configuration list for PBXProject "SpringAnimations" */;
			compatibilityVersion = "Xcode 14.0";
			developmentRegion = en;
			hasScannedForEncodings = 0;
			knownRegions = (
				en,
				Base,
			);
			mainGroup = 1A3066482BA083CE00B27EA5;
			packageReferences = (
				1A3066682BA0840500B27EA5 /* XCRemoteSwiftPackageReference "SpringAnimation" */,
			);
			productRefGroup = 1A3066522BA083CE00B27EA5 /* Products */;
			projectDirPath = "";
			projectRoot = "";
			targets = (
				1A3066502BA083CE00B27EA5 /* SpringAnimations */,
			);
		};
/* End PBXProject section */

/* Begin PBXResourcesBuildPhase section */
		1A30664F2BA083CE00B27EA5 /* Resources */ = {
			isa = PBXResourcesBuildPhase;
			buildActionMask = 2147483647;
			files = (
				1A3066612BA083CF00B27EA5 /* LaunchScreen.storyboard in Resources */,
				1A30665E2BA083CF00B27EA5 /* Assets.xcassets in Resources */,
				1A30665C2BA083CE00B27EA5 /* Main.storyboard in Resources */,
			);
			runOnlyForDeploymentPostprocessing = 0;
		};
/* End PBXResourcesBuildPhase section */

/* Begin PBXSourcesBuildPhase section */
		1A30664D2BA083CE00B27EA5 /* Sources */ = {
			isa = PBXSourcesBuildPhase;
			buildActionMask = 2147483647;
			files = (
				1A3066732BA090A600B27EA5 /* TitlesStore.swift in Sources */,
				1A3066592BA083CE00B27EA5 /* ViewController.swift in Sources */,
				1A3066552BA083CE00B27EA5 /* AppDelegate.swift in Sources */,
				1A3066752BA090B400B27EA5 /* CurvesStore.swift in Sources */,
				1A3066772BA0931D00B27EA5 /* Animation.swift in Sources */,
				1A3066572BA083CE00B27EA5 /* SceneDelegate.swift in Sources */,
			);
			runOnlyForDeploymentPostprocessing = 0;
		};
/* End PBXSourcesBuildPhase section */

/* Begin PBXVariantGroup section */
		1A30665A2BA083CE00B27EA5 /* Main.storyboard */ = {
			isa = PBXVariantGroup;
			children = (
				1A30665B2BA083CE00B27EA5 /* Base */,
			);
			name = Main.storyboard;
			sourceTree = "<group>";
		};
		1A30665F2BA083CF00B27EA5 /* LaunchScreen.storyboard */ = {
			isa = PBXVariantGroup;
			children = (
				1A3066602BA083CF00B27EA5 /* Base */,
			);
			name = LaunchScreen.storyboard;
			sourceTree = "<group>";
		};
/* End PBXVariantGroup section */

/* Begin XCBuildConfiguration section */
		1A3066632BA083CF00B27EA5 /* Debug */ = {
			isa = XCBuildConfiguration;
			buildSettings = {
				ALWAYS_SEARCH_USER_PATHS = NO;
				ASSETCATALOG_COMPILER_GENERATE_SWIFT_ASSET_SYMBOL_EXTENSIONS = YES;
				CLANG_ANALYZER_NONNULL = YES;
				CLANG_ANALYZER_NUMBER_OBJECT_CONVERSION = YES_AGGRESSIVE;
				CLANG_CXX_LANGUAGE_STANDARD = "gnu++20";
				CLANG_ENABLE_MODULES = YES;
				CLANG_ENABLE_OBJC_ARC = YES;
				CLANG_ENABLE_OBJC_WEAK = YES;
				CLANG_WARN_BLOCK_CAPTURE_AUTORELEASING = YES;
				CLANG_WARN_BOOL_CONVERSION = YES;
				CLANG_WARN_COMMA = YES;
				CLANG_WARN_CONSTANT_CONVERSION = YES;
				CLANG_WARN_DEPRECATED_OBJC_IMPLEMENTATIONS = YES;
				CLANG_WARN_DIRECT_OBJC_ISA_USAGE = YES_ERROR;
				CLANG_WARN_DOCUMENTATION_COMMENTS = YES;
				CLANG_WARN_EMPTY_BODY = YES;
				CLANG_WARN_ENUM_CONVERSION = YES;
				CLANG_WARN_INFINITE_RECURSION = YES;
				CLANG_WARN_INT_CONVERSION = YES;
				CLANG_WARN_NON_LITERAL_NULL_CONVERSION = YES;
				CLANG_WARN_OBJC_IMPLICIT_RETAIN_SELF = YES;
				CLANG_WARN_OBJC_LITERAL_CONVERSION = YES;
				CLANG_WARN_OBJC_ROOT_CLASS = YES_ERROR;
				CLANG_WARN_QUOTED_INCLUDE_IN_FRAMEWORK_HEADER = YES;
				CLANG_WARN_RANGE_LOOP_ANALYSIS = YES;
				CLANG_WARN_STRICT_PROTOTYPES = YES;
				CLANG_WARN_SUSPICIOUS_MOVE = YES;
				CLANG_WARN_UNGUARDED_AVAILABILITY = YES_AGGRESSIVE;
				CLANG_WARN_UNREACHABLE_CODE = YES;
				CLANG_WARN__DUPLICATE_METHOD_MATCH = YES;
				COPY_PHASE_STRIP = NO;
				DEBUG_INFORMATION_FORMAT = dwarf;
				ENABLE_STRICT_OBJC_MSGSEND = YES;
				ENABLE_TESTABILITY = YES;
				ENABLE_USER_SCRIPT_SANDBOXING = YES;
				GCC_C_LANGUAGE_STANDARD = gnu17;
				GCC_DYNAMIC_NO_PIC = NO;
				GCC_NO_COMMON_BLOCKS = YES;
				GCC_OPTIMIZATION_LEVEL = 0;
				GCC_PREPROCESSOR_DEFINITIONS = (
					"DEBUG=1",
					"$(inherited)",
				);
				GCC_WARN_64_TO_32_BIT_CONVERSION = YES;
				GCC_WARN_ABOUT_RETURN_TYPE = YES_ERROR;
				GCC_WARN_UNDECLARED_SELECTOR = YES;
				GCC_WARN_UNINITIALIZED_AUTOS = YES_AGGRESSIVE;
				GCC_WARN_UNUSED_FUNCTION = YES;
				GCC_WARN_UNUSED_VARIABLE = YES;
				IPHONEOS_DEPLOYMENT_TARGET = 17.0;
				LOCALIZATION_PREFERS_STRING_CATALOGS = YES;
				MTL_ENABLE_DEBUG_INFO = INCLUDE_SOURCE;
				MTL_FAST_MATH = YES;
				ONLY_ACTIVE_ARCH = YES;
				SDKROOT = iphoneos;
				SWIFT_ACTIVE_COMPILATION_CONDITIONS = "DEBUG $(inherited)";
				SWIFT_OPTIMIZATION_LEVEL = "-Onone";
			};
			name = Debug;
		};
		1A3066642BA083CF00B27EA5 /* Release */ = {
			isa = XCBuildConfiguration;
			buildSettings = {
				ALWAYS_SEARCH_USER_PATHS = NO;
				ASSETCATALOG_COMPILER_GENERATE_SWIFT_ASSET_SYMBOL_EXTENSIONS = YES;
				CLANG_ANALYZER_NONNULL = YES;
				CLANG_ANALYZER_NUMBER_OBJECT_CONVERSION = YES_AGGRESSIVE;
				CLANG_CXX_LANGUAGE_STANDARD = "gnu++20";
				CLANG_ENABLE_MODULES = YES;
				CLANG_ENABLE_OBJC_ARC = YES;
				CLANG_ENABLE_OBJC_WEAK = YES;
				CLANG_WARN_BLOCK_CAPTURE_AUTORELEASING = YES;
				CLANG_WARN_BOOL_CONVERSION = YES;
				CLANG_WARN_COMMA = YES;
				CLANG_WARN_CONSTANT_CONVERSION = YES;
				CLANG_WARN_DEPRECATED_OBJC_IMPLEMENTATIONS = YES;
				CLANG_WARN_DIRECT_OBJC_ISA_USAGE = YES_ERROR;
				CLANG_WARN_DOCUMENTATION_COMMENTS = YES;
				CLANG_WARN_EMPTY_BODY = YES;
				CLANG_WARN_ENUM_CONVERSION = YES;
				CLANG_WARN_INFINITE_RECURSION = YES;
				CLANG_WARN_INT_CONVERSION = YES;
				CLANG_WARN_NON_LITERAL_NULL_CONVERSION = YES;
				CLANG_WARN_OBJC_IMPLICIT_RETAIN_SELF = YES;
				CLANG_WARN_OBJC_LITERAL_CONVERSION = YES;
				CLANG_WARN_OBJC_ROOT_CLASS = YES_ERROR;
				CLANG_WARN_QUOTED_INCLUDE_IN_FRAMEWORK_HEADER = YES;
				CLANG_WARN_RANGE_LOOP_ANALYSIS = YES;
				CLANG_WARN_STRICT_PROTOTYPES = YES;
				CLANG_WARN_SUSPICIOUS_MOVE = YES;
				CLANG_WARN_UNGUARDED_AVAILABILITY = YES_AGGRESSIVE;
				CLANG_WARN_UNREACHABLE_CODE = YES;
				CLANG_WARN__DUPLICATE_METHOD_MATCH = YES;
				COPY_PHASE_STRIP = NO;
				DEBUG_INFORMATION_FORMAT = "dwarf-with-dsym";
				ENABLE_NS_ASSERTIONS = NO;
				ENABLE_STRICT_OBJC_MSGSEND = YES;
				ENABLE_USER_SCRIPT_SANDBOXING = YES;
				GCC_C_LANGUAGE_STANDARD = gnu17;
				GCC_NO_COMMON_BLOCKS = YES;
				GCC_WARN_64_TO_32_BIT_CONVERSION = YES;
				GCC_WARN_ABOUT_RETURN_TYPE = YES_ERROR;
				GCC_WARN_UNDECLARED_SELECTOR = YES;
				GCC_WARN_UNINITIALIZED_AUTOS = YES_AGGRESSIVE;
				GCC_WARN_UNUSED_FUNCTION = YES;
				GCC_WARN_UNUSED_VARIABLE = YES;
				IPHONEOS_DEPLOYMENT_TARGET = 17.0;
				LOCALIZATION_PREFERS_STRING_CATALOGS = YES;
				MTL_ENABLE_DEBUG_INFO = NO;
				MTL_FAST_MATH = YES;
				SDKROOT = iphoneos;
				SWIFT_COMPILATION_MODE = wholemodule;
				VALIDATE_PRODUCT = YES;
			};
			name = Release;
		};
		1A3066662BA083CF00B27EA5 /* Debug */ = {
			isa = XCBuildConfiguration;
			buildSettings = {
				ASSETCATALOG_COMPILER_APPICON_NAME = AppIcon;
				ASSETCATALOG_COMPILER_GLOBAL_ACCENT_COLOR_NAME = AccentColor;
				CODE_SIGN_STYLE = Automatic;
				CURRENT_PROJECT_VERSION = 1;
				GENERATE_INFOPLIST_FILE = YES;
				INFOPLIST_FILE = SpringAnimations/App/Info.plist;
				INFOPLIST_KEY_UIApplicationSupportsIndirectInputEvents = YES;
				INFOPLIST_KEY_UILaunchStoryboardName = LaunchScreen;
				INFOPLIST_KEY_UIMainStoryboardFile = Main;
				INFOPLIST_KEY_UISupportedInterfaceOrientations_iPad = "UIInterfaceOrientationPortrait UIInterfaceOrientationPortraitUpsideDown UIInterfaceOrientationLandscapeLeft UIInterfaceOrientationLandscapeRight";
				INFOPLIST_KEY_UISupportedInterfaceOrientations_iPhone = "UIInterfaceOrientationPortrait UIInterfaceOrientationLandscapeLeft UIInterfaceOrientationLandscapeRight";
				LD_RUNPATH_SEARCH_PATHS = (
					"$(inherited)",
					"@executable_path/Frameworks",
				);
				MARKETING_VERSION = 1.0;
				PRODUCT_BUNDLE_IDENTIFIER = "-.SpringAnimations";
				PRODUCT_NAME = "$(TARGET_NAME)";
				SUPPORTED_PLATFORMS = "iphoneos iphonesimulator";
				SUPPORTS_MACCATALYST = NO;
				SUPPORTS_MAC_DESIGNED_FOR_IPHONE_IPAD = NO;
				SWIFT_EMIT_LOC_STRINGS = YES;
				SWIFT_VERSION = 5.0;
				TARGETED_DEVICE_FAMILY = 1;
			};
			name = Debug;
		};
		1A3066672BA083CF00B27EA5 /* Release */ = {
			isa = XCBuildConfiguration;
			buildSettings = {
				ASSETCATALOG_COMPILER_APPICON_NAME = AppIcon;
				ASSETCATALOG_COMPILER_GLOBAL_ACCENT_COLOR_NAME = AccentColor;
				CODE_SIGN_STYLE = Automatic;
				CURRENT_PROJECT_VERSION = 1;
				GENERATE_INFOPLIST_FILE = YES;
				INFOPLIST_FILE = SpringAnimations/App/Info.plist;
				INFOPLIST_KEY_UIApplicationSupportsIndirectInputEvents = YES;
				INFOPLIST_KEY_UILaunchStoryboardName = LaunchScreen;
				INFOPLIST_KEY_UIMainStoryboardFile = Main;
				INFOPLIST_KEY_UISupportedInterfaceOrientations_iPad = "UIInterfaceOrientationPortrait UIInterfaceOrientationPortraitUpsideDown UIInterfaceOrientationLandscapeLeft UIInterfaceOrientationLandscapeRight";
				INFOPLIST_KEY_UISupportedInterfaceOrientations_iPhone = "UIInterfaceOrientationPortrait UIInterfaceOrientationLandscapeLeft UIInterfaceOrientationLandscapeRight";
				LD_RUNPATH_SEARCH_PATHS = (
					"$(inherited)",
					"@executable_path/Frameworks",
				);
				MARKETING_VERSION = 1.0;
				PRODUCT_BUNDLE_IDENTIFIER = "-.SpringAnimations";
				PRODUCT_NAME = "$(TARGET_NAME)";
				SUPPORTED_PLATFORMS = "iphoneos iphonesimulator";
				SUPPORTS_MACCATALYST = NO;
				SUPPORTS_MAC_DESIGNED_FOR_IPHONE_IPAD = NO;
				SWIFT_EMIT_LOC_STRINGS = YES;
				SWIFT_VERSION = 5.0;
				TARGETED_DEVICE_FAMILY = 1;
			};
			name = Release;
		};
/* End XCBuildConfiguration section */

/* Begin XCConfigurationList section */
		1A30664C2BA083CE00B27EA5 /* Build configuration list for PBXProject "SpringAnimations" */ = {
			isa = XCConfigurationList;
			buildConfigurations = (
				1A3066632BA083CF00B27EA5 /* Debug */,
				1A3066642BA083CF00B27EA5 /* Release */,
			);
			defaultConfigurationIsVisible = 0;
			defaultConfigurationName = Release;
		};
		1A3066652BA083CF00B27EA5 /* Build configuration list for PBXNativeTarget "SpringAnimations" */ = {
			isa = XCConfigurationList;
			buildConfigurations = (
				1A3066662BA083CF00B27EA5 /* Debug */,
				1A3066672BA083CF00B27EA5 /* Release */,
			);
			defaultConfigurationIsVisible = 0;
			defaultConfigurationName = Release;
		};
/* End XCConfigurationList section */

/* Begin XCRemoteSwiftPackageReference section */
		1A3066682BA0840500B27EA5 /* XCRemoteSwiftPackageReference "SpringAnimation" */ = {
			isa = XCRemoteSwiftPackageReference;
			repositoryURL = "https://github.com/LexDeBash/SpringAnimation.git";
			requirement = {
				kind = upToNextMajorVersion;
				minimumVersion = 0.3.0;
			};
		};
/* End XCRemoteSwiftPackageReference section */

/* Begin XCSwiftPackageProductDependency section */
		1A3066692BA0840500B27EA5 /* SpringAnimation */ = {
			isa = XCSwiftPackageProductDependency;
			package = 1A3066682BA0840500B27EA5 /* XCRemoteSwiftPackageReference "SpringAnimation" */;
			productName = SpringAnimation;
		};
/* End XCSwiftPackageProductDependency section */
	};
	rootObject = 1A3066492BA083CE00B27EA5 /* Project object */;
}
